
Microsoft Visual Studio Solution File, Format Version 12.00
# Visual Studio 2012
Project("{FAE04EC0-301F-11D3-BF4B-00C04F79EFBC}") = "Model", "Model\Model.csproj", "{05773847-8EDC-447B-8105-3C1AEE549CDF}"
EndProject
Global
	GlobalSection(SolutionConfigurationPlatforms) = preSolution
		Debug|Any CPU = Debug|Any CPU
		Release|Any CPU = Release|Any CPU
	EndGlobalSection
	GlobalSection(ProjectConfigurationPlatforms) = postSolution
		{05773847-8EDC-447B-8105-3C1AEE549CDF}.Debug|Any CPU.ActiveCfg = Debug|Any CPU
		{05773847-8EDC-447B-8105-3C1AEE549CDF}.Debug|Any CPU.Build.0 = Debug|Any CPU
		{05773847-8EDC-447B-8105-3C1AEE549CDF}.Release|Any CPU.ActiveCfg = Release|Any CPU
		{05773847-8EDC-447B-8105-3C1AEE549CDF}.Release|Any CPU.Build.0 = Release|Any CPU
	EndGlobalSection
	GlobalSection(SolutionProperties) = preSolution
		HideSolutionNode = FALSE
	EndGlobalSection
EndGlobal
